// !$*UTF8*$!
{
	archiveVersion = 1;
	classes = {
	};
	objectVersion = 46;
	objects = {

/* Begin PBXBuildFile section */
		78080AFF1D38DB0C0025A8B4 /* AppDelegate.swift in Sources */ = {isa = PBXBuildFile; fileRef = 78080AFE1D38DB0C0025A8B4 /* AppDelegate.swift */; };
		78080B011D38DB0C0025A8B4 /* ViewController.swift in Sources */ = {isa = PBXBuildFile; fileRef = 78080B001D38DB0C0025A8B4 /* ViewController.swift */; };
		78080B041D38DB0D0025A8B4 /* Main.storyboard in Resources */ = {isa = PBXBuildFile; fileRef = 78080B021D38DB0C0025A8B4 /* Main.storyboard */; };
		78080B061D38DB0D0025A8B4 /* Assets.xcassets in Resources */ = {isa = PBXBuildFile; fileRef = 78080B051D38DB0D0025A8B4 /* Assets.xcassets */; };
		78080B091D38DB0D0025A8B4 /* LaunchScreen.storyboard in Resources */ = {isa = PBXBuildFile; fileRef = 78080B071D38DB0D0025A8B4 /* LaunchScreen.storyboard */; };
		78080B111D38DB480025A8B4 /* NSView.swift in Sources */ = {isa = PBXBuildFile; fileRef = 78080B101D38DB480025A8B4 /* NSView.swift */; };
		7811D6841D3D00C7003E3A25 /* NSLabel.swift in Sources */ = {isa = PBXBuildFile; fileRef = 7811D6831D3D00C7003E3A25 /* NSLabel.swift */; };
		7837DAD01D3E0DA3002B90C4 /* logo.png in Resources */ = {isa = PBXBuildFile; fileRef = 7837DACF1D3E0DA3002B90C4 /* logo.png */; };
		7837DAEB1D3E3BD6002B90C4 /* ring.png in Resources */ = {isa = PBXBuildFile; fileRef = 7837DAEA1D3E3BD6002B90C4 /* ring.png */; };
		7839AAE71D3A599F00503D73 /* NSExtension.swift in Sources */ = {isa = PBXBuildFile; fileRef = 7839AAE61D3A599F00503D73 /* NSExtension.swift */; };
/* End PBXBuildFile section */

/* Begin PBXFileReference section */
		78080AFB1D38DB0B0025A8B4 /* Loading....app */ = {isa = PBXFileReference; explicitFileType = wrapper.application; includeInIndex = 0; path = Loading....app; sourceTree = BUILT_PRODUCTS_DIR; };
		78080AFE1D38DB0C0025A8B4 /* AppDelegate.swift */ = {isa = PBXFileReference; lastKnownFileType = sourcecode.swift; path = AppDelegate.swift; sourceTree = "<group>"; };
		78080B001D38DB0C0025A8B4 /* ViewController.swift */ = {isa = PBXFileReference; lastKnownFileType = sourcecode.swift; path = ViewController.swift; sourceTree = "<group>"; };
		78080B031D38DB0D0025A8B4 /* Base */ = {isa = PBXFileReference; lastKnownFileType = file.storyboard; name = Base; path = Base.lproj/Main.storyboard; sourceTree = "<group>"; };
		78080B051D38DB0D0025A8B4 /* Assets.xcassets */ = {isa = PBXFileReference; lastKnownFileType = folder.assetcatalog; path = Assets.xcassets; sourceTree = "<group>"; };
		78080B081D38DB0D0025A8B4 /* Base */ = {isa = PBXFileReference; lastKnownFileType = file.storyboard; name = Base; path = Base.lproj/LaunchScreen.storyboard; sourceTree = "<group>"; };
		78080B0A1D38DB0D0025A8B4 /* Info.plist */ = {isa = PBXFileReference; lastKnownFileType = text.plist.xml; path = Info.plist; sourceTree = "<group>"; };
		78080B101D38DB480025A8B4 /* NSView.swift */ = {isa = PBXFileReference; fileEncoding = 4; lastKnownFileType = sourcecode.swift; path = NSView.swift; sourceTree = "<group>"; };
		7811D6831D3D00C7003E3A25 /* NSLabel.swift */ = {isa = PBXFileReference; fileEncoding = 4; lastKnownFileType = sourcecode.swift; path = NSLabel.swift; sourceTree = "<group>"; };
		7837DACF1D3E0DA3002B90C4 /* logo.png */ = {isa = PBXFileReference; lastKnownFileType = image.png; path = logo.png; sourceTree = "<group>"; };
		7837DAEA1D3E3BD6002B90C4 /* ring.png */ = {isa = PBXFileReference; lastKnownFileType = image.png; path = ring.png; sourceTree = "<group>"; };
		7839AAE61D3A599F00503D73 /* NSExtension.swift */ = {isa = PBXFileReference; fileEncoding = 4; lastKnownFileType = sourcecode.swift; path = NSExtension.swift; sourceTree = "<group>"; };
/* End PBXFileReference section */

/* Begin PBXFrameworksBuildPhase section */
		78080AF81D38DB0B0025A8B4 /* Frameworks */ = {
			isa = PBXFrameworksBuildPhase;
			buildActionMask = 2147483647;
			files = (
			);
			runOnlyForDeploymentPostprocessing = 0;
		};
/* End PBXFrameworksBuildPhase section */

/* Begin PBXGroup section */
		78080AF21D38DB0B0025A8B4 = {
			isa = PBXGroup;
			children = (
				78080AFD1D38DB0C0025A8B4 /* Loading... */,
				78080AFC1D38DB0B0025A8B4 /* Products */,
			);
			sourceTree = "<group>";
		};
		78080AFC1D38DB0B0025A8B4 /* Products */ = {
			isa = PBXGroup;
			children = (
				78080AFB1D38DB0B0025A8B4 /* Loading....app */,
			);
			name = Products;
			sourceTree = "<group>";
		};
		78080AFD1D38DB0C0025A8B4 /* Loading... */ = {
			isa = PBXGroup;
			children = (
				7837DAEA1D3E3BD6002B90C4 /* ring.png */,
				7837DACF1D3E0DA3002B90C4 /* logo.png */,
				78080AFE1D38DB0C0025A8B4 /* AppDelegate.swift */,
				7839AAE61D3A599F00503D73 /* NSExtension.swift */,
				7811D6831D3D00C7003E3A25 /* NSLabel.swift */,
				78080B101D38DB480025A8B4 /* NSView.swift */,
				78080B001D38DB0C0025A8B4 /* ViewController.swift */,
				78080B021D38DB0C0025A8B4 /* Main.storyboard */,
				78080B051D38DB0D0025A8B4 /* Assets.xcassets */,
				78080B071D38DB0D0025A8B4 /* LaunchScreen.storyboard */,
				78080B0A1D38DB0D0025A8B4 /* Info.plist */,
			);
			path = Loading...;
			sourceTree = "<group>";
		};
/* End PBXGroup section */

/* Begin PBXNativeTarget section */
		78080AFA1D38DB0B0025A8B4 /* Loading... */ = {
			isa = PBXNativeTarget;
			buildConfigurationList = 78080B0D1D38DB0D0025A8B4 /* Build configuration list for PBXNativeTarget "Loading..." */;
			buildPhases = (
				78080AF71D38DB0B0025A8B4 /* Sources */,
				78080AF81D38DB0B0025A8B4 /* Frameworks */,
				78080AF91D38DB0B0025A8B4 /* Resources */,
			);
			buildRules = (
			);
			dependencies = (
			);
			name = Loading...;
			productName = Loading...;
			productReference = 78080AFB1D38DB0B0025A8B4 /* Loading....app */;
			productType = "com.apple.product-type.application";
		};
/* End PBXNativeTarget section */

/* Begin PBXProject section */
		78080AF31D38DB0B0025A8B4 /* Project object */ = {
			isa = PBXProject;
			attributes = {
				LastSwiftUpdateCheck = 0730;
				LastUpgradeCheck = 0730;
				ORGANIZATIONNAME = Raxit;
				TargetAttributes = {
					78080AFA1D38DB0B0025A8B4 = {
						CreatedOnToolsVersion = 7.3.1;
					};
				};
			};
			buildConfigurationList = 78080AF61D38DB0B0025A8B4 /* Build configuration list for PBXProject "Loading..." */;
			compatibilityVersion = "Xcode 3.2";
			developmentRegion = English;
			hasScannedForEncodings = 0;
			knownRegions = (
				en,
				Base,
			);
			mainGroup = 78080AF21D38DB0B0025A8B4;
			productRefGroup = 78080AFC1D38DB0B0025A8B4 /* Products */;
			projectDirPath = "";
			projectRoot = "";
			targets = (
				78080AFA1D38DB0B0025A8B4 /* Loading... */,
			);
		};
/* End PBXProject section */

/* Begin PBXResourcesBuildPhase section */
		78080AF91D38DB0B0025A8B4 /* Resources */ = {
			isa = PBXResourcesBuildPhase;
			buildActionMask = 2147483647;
			files = (
				7837DAD01D3E0DA3002B90C4 /* logo.png in Resources */,
				78080B091D38DB0D0025A8B4 /* LaunchScreen.storyboard in Resources */,
				7837DAEB1D3E3BD6002B90C4 /* ring.png in Resources */,
				78080B061D38DB0D0025A8B4 /* Assets.xcassets in Resources */,
				78080B041D38DB0D0025A8B4 /* Main.storyboard in Resources */,
			);
			runOnlyForDeploymentPostprocessing = 0;
		};
/* End PBXResourcesBuildPhase section */

/* Begin PBXSourcesBuildPhase section */
		78080AF71D38DB0B0025A8B4 /* Sources */ = {
			isa = PBXSourcesBuildPhase;
			buildActionMask = 2147483647;
			files = (
				78080B011D38DB0C0025A8B4 /* ViewController.swift in Sources */,
				78080B111D38DB480025A8B4 /* NSView.swift in Sources */,
				7839AAE71D3A599F00503D73 /* NSExtension.swift in Sources */,
				7811D6841D3D00C7003E3A25 /* NSLabel.swift in Sources */,
				78080AFF1D38DB0C0025A8B4 /* AppDelegate.swift in Sources */,
			);
			runOnlyForDeploymentPostprocessing = 0;
		};
/* End PBXSourcesBuildPhase section */

/* Begin PBXVariantGroup section */
		78080B021D38DB0C0025A8B4 /* Main.storyboard */ = {
			isa = PBXVariantGroup;
			children = (
				78080B031D38DB0D0025A8B4 /* Base */,
			);
			name = Main.storyboard;
			sourceTree = "<group>";
		};
		78080B071D38DB0D0025A8B4 /* LaunchScreen.storyboard */ = {
			isa = PBXVariantGroup;
			children = (
				78080B081D38DB0D0025A8B4 /* Base */,
			);
			name = LaunchScreen.storyboard;
			sourceTree = "<group>";
		};
/* End PBXVariantGroup section */

/* Begin XCBuildConfiguration section */
		78080B0B1D38DB0D0025A8B4 /* Debug */ = {
			isa = XCBuildConfiguration;
			buildSettings = {
				ALWAYS_SEARCH_USER_PATHS = NO;
				CLANG_ANALYZER_NONNULL = YES;
				CLANG_CXX_LANGUAGE_STANDARD = "gnu++0x";
				CLANG_CXX_LIBRARY = "libc++";
				CLANG_ENABLE_MODULES = YES;
				CLANG_ENABLE_OBJC_ARC = YES;
				CLANG_WARN_BOOL_CONVERSION = YES;
				CLANG_WARN_CONSTANT_CONVERSION = YES;
				CLANG_WARN_DIRECT_OBJC_ISA_USAGE = YES_ERROR;
				CLANG_WARN_EMPTY_BODY = YES;
				CLANG_WARN_ENUM_CONVERSION = YES;
				CLANG_WARN_INT_CONVERSION = YES;
				CLANG_WARN_OBJC_ROOT_CLASS = YES_ERROR;
				CLANG_WARN_UNREACHABLE_CODE = YES;
				CLANG_WARN__DUPLICATE_METHOD_MATCH = YES;
				"CODE_SIGN_IDENTITY[sdk=iphoneos*]" = "iPhone Developer";
				COPY_PHASE_STRIP = NO;
				DEBUG_INFORMATION_FORMAT = dwarf;
				ENABLE_STRICT_OBJC_MSGSEND = YES;
				ENABLE_TESTABILITY = YES;
				GCC_C_LANGUAGE_STANDARD = gnu99;
				GCC_DYNAMIC_NO_PIC = NO;
				GCC_NO_COMMON_BLOCKS = YES;
				GCC_OPTIMIZATION_LEVEL = 0;
				GCC_PREPROCESSOR_DEFINITIONS = (
					"DEBUG=1",
					"$(inherited)",
				);
				GCC_WARN_64_TO_32_BIT_CONVERSION = YES;
				GCC_WARN_ABOUT_RETURN_TYPE = YES_ERROR;
				GCC_WARN_UNDECLARED_SELECTOR = YES;
				GCC_WARN_UNINITIALIZED_AUTOS = YES_AGGRESSIVE;
				GCC_WARN_UNUSED_FUNCTION = YES;
				GCC_WARN_UNUSED_VARIABLE = YES;
				IPHONEOS_DEPLOYMENT_TARGET = 9.3;
				MTL_ENABLE_DEBUG_INFO = YES;
				ONLY_ACTIVE_ARCH = YES;
				SDKROOT = iphoneos;
				SWIFT_OPTIMIZATION_LEVEL = "-Onone";
			};
			name = Debug;
		};
		78080B0C1D38DB0D0025A8B4 /* Release */ = {
			isa = XCBuildConfiguration;
			buildSettings = {
				ALWAYS_SEARCH_USER_PATHS = NO;
				CLANG_ANALYZER_NONNULL = YES;
				CLANG_CXX_LANGUAGE_STANDARD = "gnu++0x";
				CLANG_CXX_LIBRARY = "libc++";
				CLANG_ENABLE_MODULES = YES;
				CLANG_ENABLE_OBJC_ARC = YES;
				CLANG_WARN_BOOL_CONVERSION = YES;
				CLANG_WARN_CONSTANT_CONVERSION = YES;
				CLANG_WARN_DIRECT_OBJC_ISA_USAGE = YES_ERROR;
				CLANG_WARN_EMPTY_BODY = YES;
				CLANG_WARN_ENUM_CONVERSION = YES;
				CLANG_WARN_INT_CONVERSION = YES;
				CLANG_WARN_OBJC_ROOT_CLASS = YES_ERROR;
				CLANG_WARN_UNREACHABLE_CODE = YES;
				CLANG_WARN__DUPLICATE_METHOD_MATCH = YES;
				"CODE_SIGN_IDENTITY[sdk=iphoneos*]" = "iPhone Developer";
				COPY_PHASE_STRIP = NO;
				DEBUG_INFORMATION_FORMAT = "dwarf-with-dsym";
				ENABLE_NS_ASSERTIONS = NO;
				ENABLE_STRICT_OBJC_MSGSEND = YES;
				GCC_C_LANGUAGE_STANDARD = gnu99;
				GCC_NO_COMMON_BLOCKS = YES;
				GCC_WARN_64_TO_32_BIT_CONVERSION = YES;
				GCC_WARN_ABOUT_RETURN_TYPE = YES_ERROR;
				GCC_WARN_UNDECLARED_SELECTOR = YES;
				GCC_WARN_UNINITIALIZED_AUTOS = YES_AGGRESSIVE;
				GCC_WARN_UNUSED_FUNCTION = YES;
				GCC_WARN_UNUSED_VARIABLE = YES;
				IPHONEOS_DEPLOYMENT_TARGET = 9.3;
				MTL_ENABLE_DEBUG_INFO = NO;
				SDKROOT = iphoneos;
				VALIDATE_PRODUCT = YES;
			};
			name = Release;
		};
		78080B0E1D38DB0D0025A8B4 /* Debug */ = {
			isa = XCBuildConfiguration;
			buildSettings = {
				ASSETCATALOG_COMPILER_APPICON_NAME = AppIcon;
				INFOPLIST_FILE = Loading.../Info.plist;
				IPHONEOS_DEPLOYMENT_TARGET = 8.2;
				LD_RUNPATH_SEARCH_PATHS = "$(inherited) @executable_path/Frameworks";
				PRODUCT_BUNDLE_IDENTIFIER = "com.Loading---";
				PRODUCT_NAME = "$(TARGET_NAME)";
				TARGETED_DEVICE_FAMILY = "1,2";
			};
			name = Debug;
		};
		78080B0F1D38DB0D0025A8B4 /* Release */ = {
			isa = XCBuildConfiguration;
			buildSettings = {
				ASSETCATALOG_COMPILER_APPICON_NAME = AppIcon;
				INFOPLIST_FILE = Loading.../Info.plist;
				IPHONEOS_DEPLOYMENT_TARGET = 8.2;
				LD_RUNPATH_SEARCH_PATHS = "$(inherited) @executable_path/Frameworks";
				PRODUCT_BUNDLE_IDENTIFIER = "com.Loading---";
				PRODUCT_NAME = "$(TARGET_NAME)";
				TARGETED_DEVICE_FAMILY = "1,2";
			};
			name = Release;
		};
/* End XCBuildConfiguration section */

/* Begin XCConfigurationList section */
		78080AF61D38DB0B0025A8B4 /* Build configuration list for PBXProject "Loading..." */ = {
			isa = XCConfigurationList;
			buildConfigurations = (
				78080B0B1D38DB0D0025A8B4 /* Debug */,
				78080B0C1D38DB0D0025A8B4 /* Release */,
			);
			defaultConfigurationIsVisible = 0;
			defaultConfigurationName = Release;
		};
		78080B0D1D38DB0D0025A8B4 /* Build configuration list for PBXNativeTarget "Loading..." */ = {
			isa = XCConfigurationList;
			buildConfigurations = (
				78080B0E1D38DB0D0025A8B4 /* Debug */,
				78080B0F1D38DB0D0025A8B4 /* Release */,
			);
			defaultConfigurationIsVisible = 0;
			defaultConfigurationName = Release;
		};
/* End XCConfigurationList section */
	};
	rootObject = 78080AF31D38DB0B0025A8B4 /* Project object */;
}
